// !$*UTF8*$!
{
	archiveVersion = 1;
	classes = {
	};
	objectVersion = 46;
	objects = {

/* Begin PBXBuildFile section */
		DE47D9BD1E84C472007EC68E /* AppDelegate.swift in Sources */ = {isa = PBXBuildFile; fileRef = DE47D9BC1E84C472007EC68E /* AppDelegate.swift */; };
		DE47D9BF1E84C472007EC68E /* ViewController.swift in Sources */ = {isa = PBXBuildFile; fileRef = DE47D9BE1E84C472007EC68E /* ViewController.swift */; };
		DE47D9C21E84C472007EC68E /* Main.storyboard in Resources */ = {isa = PBXBuildFile; fileRef = DE47D9C01E84C472007EC68E /* Main.storyboard */; };
		DE47D9C41E84C472007EC68E /* Assets.xcassets in Resources */ = {isa = PBXBuildFile; fileRef = DE47D9C31E84C472007EC68E /* Assets.xcassets */; };
		DE47D9C71E84C472007EC68E /* LaunchScreen.storyboard in Resources */ = {isa = PBXBuildFile; fileRef = DE47D9C51E84C472007EC68E /* LaunchScreen.storyboard */; };
/* End PBXBuildFile section */

/* Begin PBXFileReference section */
		DE47D9B91E84C472007EC68E /* whatIsMyNumber.app */ = {isa = PBXFileReference; explicitFileType = wrapper.application; includeInIndex = 0; path = whatIsMyNumber.app; sourceTree = BUILT_PRODUCTS_DIR; };
		DE47D9BC1E84C472007EC68E /* AppDelegate.swift */ = {isa = PBXFileReference; lastKnownFileType = sourcecode.swift; path = AppDelegate.swift; sourceTree = "<group>"; };
		DE47D9BE1E84C472007EC68E /* ViewController.swift */ = {isa = PBXFileReference; lastKnownFileType = sourcecode.swift; path = ViewController.swift; sourceTree = "<group>"; };
		DE47D9C11E84C472007EC68E /* Base */ = {isa = PBXFileReference; lastKnownFileType = file.storyboard; name = Base; path = Base.lproj/Main.storyboard; sourceTree = "<group>"; };
		DE47D9C31E84C472007EC68E /* Assets.xcassets */ = {isa = PBXFileReference; lastKnownFileType = folder.assetcatalog; path = Assets.xcassets; sourceTree = "<group>"; };
		DE47D9C61E84C472007EC68E /* Base */ = {isa = PBXFileReference; lastKnownFileType = file.storyboard; name = Base; path = Base.lproj/LaunchScreen.storyboard; sourceTree = "<group>"; };
		DE47D9C81E84C472007EC68E /* Info.plist */ = {isa = PBXFileReference; lastKnownFileType = text.plist.xml; path = Info.plist; sourceTree = "<group>"; };
/* End PBXFileReference section */

/* Begin PBXFrameworksBuildPhase section */
		DE47D9B61E84C472007EC68E /* Frameworks */ = {
			isa = PBXFrameworksBuildPhase;
			buildActionMask = 2147483647;
			files = (
			);
			runOnlyForDeploymentPostprocessing = 0;
		};
/* End PBXFrameworksBuildPhase section */

/* Begin PBXGroup section */
		DE47D9B01E84C472007EC68E = {
			isa = PBXGroup;
			children = (
				DE47D9BB1E84C472007EC68E /* whatIsMyNumber */,
				DE47D9BA1E84C472007EC68E /* Products */,
			);
			sourceTree = "<group>";
		};
		DE47D9BA1E84C472007EC68E /* Products */ = {
			isa = PBXGroup;
			children = (
				DE47D9B91E84C472007EC68E /* whatIsMyNumber.app */,
			);
			name = Products;
			sourceTree = "<group>";
		};
		DE47D9BB1E84C472007EC68E /* whatIsMyNumber */ = {
			isa = PBXGroup;
			children = (
				DE47D9BC1E84C472007EC68E /* AppDelegate.swift */,
				DE47D9BE1E84C472007EC68E /* ViewController.swift */,
				DE47D9C01E84C472007EC68E /* Main.storyboard */,
				DE47D9C31E84C472007EC68E /* Assets.xcassets */,
				DE47D9C51E84C472007EC68E /* LaunchScreen.storyboard */,
				DE47D9C81E84C472007EC68E /* Info.plist */,
			);
			path = whatIsMyNumber;
			sourceTree = "<group>";
		};
/* End PBXGroup section */

/* Begin PBXNativeTarget section */
		DE47D9B81E84C472007EC68E /* whatIsMyNumber */ = {
			isa = PBXNativeTarget;
			buildConfigurationList = DE47D9CB1E84C472007EC68E /* Build configuration list for PBXNativeTarget "whatIsMyNumber" */;
			buildPhases = (
				DE47D9B51E84C472007EC68E /* Sources */,
				DE47D9B61E84C472007EC68E /* Frameworks */,
				DE47D9B71E84C472007EC68E /* Resources */,
			);
			buildRules = (
			);
			dependencies = (
			);
			name = whatIsMyNumber;
			productName = whatIsMyNumber;
			productReference = DE47D9B91E84C472007EC68E /* whatIsMyNumber.app */;
			productType = "com.apple.product-type.application";
		};
/* End PBXNativeTarget section */

/* Begin PBXProject section */
		DE47D9B11E84C472007EC68E /* Project object */ = {
			isa = PBXProject;
			attributes = {
				LastSwiftUpdateCheck = 0820;
				LastUpgradeCheck = 0820;
				ORGANIZATIONNAME = "Dumb Unicorn";
				TargetAttributes = {
					DE47D9B81E84C472007EC68E = {
						CreatedOnToolsVersion = 8.2.1;
						DevelopmentTeam = 42ESUZ8BZJ;
						ProvisioningStyle = Automatic;
					};
				};
			};
			buildConfigurationList = DE47D9B41E84C472007EC68E /* Build configuration list for PBXProject "whatIsMyNumber" */;
			compatibilityVersion = "Xcode 3.2";
			developmentRegion = English;
			hasScannedForEncodings = 0;
			knownRegions = (
				en,
				Base,
			);
			mainGroup = DE47D9B01E84C472007EC68E;
			productRefGroup = DE47D9BA1E84C472007EC68E /* Products */;
			projectDirPath = "";
			projectRoot = "";
			targets = (
				DE47D9B81E84C472007EC68E /* whatIsMyNumber */,
			);
		};
/* End PBXProject section */

/* Begin PBXResourcesBuildPhase section */
		DE47D9B71E84C472007EC68E /* Resources */ = {
			isa = PBXResourcesBuildPhase;
			buildActionMask = 2147483647;
			files = (
				DE47D9C71E84C472007EC68E /* LaunchScreen.storyboard in Resources */,
				DE47D9C41E84C472007EC68E /* Assets.xcassets in Resources */,
				DE47D9C21E84C472007EC68E /* Main.storyboard in Resources */,
			);
			runOnlyForDeploymentPostprocessing = 0;
		};
/* End PBXResourcesBuildPhase section */

/* Begin PBXSourcesBuildPhase section */
		DE47D9B51E84C472007EC68E /* Sources */ = {
			isa = PBXSourcesBuildPhase;
			buildActionMask = 2147483647;
			files = (
				DE47D9BF1E84C472007EC68E /* ViewController.swift in Sources */,
				DE47D9BD1E84C472007EC68E /* AppDelegate.swift in Sources */,
			);
			runOnlyForDeploymentPostprocessing = 0;
		};
/* End PBXSourcesBuildPhase section */

/* Begin PBXVariantGroup section */
		DE47D9C01E84C472007EC68E /* Main.storyboard */ = {
			isa = PBXVariantGroup;
			children = (
				DE47D9C11E84C472007EC68E /* Base */,
			);
			name = Main.storyboard;
			sourceTree = "<group>";
		};
		DE47D9C51E84C472007EC68E /* LaunchScreen.storyboard */ = {
			isa = PBXVariantGroup;
			children = (
				DE47D9C61E84C472007EC68E /* Base */,
			);
			name = LaunchScreen.storyboard;
			sourceTree = "<group>";
		};
/* End PBXVariantGroup section */

/* Begin XCBuildConfiguration section */
		DE47D9C91E84C472007EC68E /* Debug */ = {
			isa = XCBuildConfiguration;
			buildSettings = {
				ALWAYS_SEARCH_USER_PATHS = NO;
				CLANG_ANALYZER_NONNULL = YES;
				CLANG_CXX_LANGUAGE_STANDARD = "gnu++0x";
				CLANG_CXX_LIBRARY = "libc++";
				CLANG_ENABLE_MODULES = YES;
				CLANG_ENABLE_OBJC_ARC = YES;
				CLANG_WARN_BOOL_CONVERSION = YES;
				CLANG_WARN_CONSTANT_CONVERSION = YES;
				CLANG_WARN_DIRECT_OBJC_ISA_USAGE = YES_ERROR;
				CLANG_WARN_DOCUMENTATION_COMMENTS = YES;
				CLANG_WARN_EMPTY_BODY = YES;
				CLANG_WARN_ENUM_CONVERSION = YES;
				CLANG_WARN_INFINITE_RECURSION = YES;
				CLANG_WARN_INT_CONVERSION = YES;
				CLANG_WARN_OBJC_ROOT_CLASS = YES_ERROR;
				CLANG_WARN_SUSPICIOUS_MOVE = YES;
				CLANG_WARN_UNREACHABLE_CODE = YES;
				CLANG_WARN__DUPLICATE_METHOD_MATCH = YES;
				"CODE_SIGN_IDENTITY[sdk=iphoneos*]" = "iPhone Developer";
				COPY_PHASE_STRIP = NO;
				DEBUG_INFORMATION_FORMAT = dwarf;
				ENABLE_STRICT_OBJC_MSGSEND = YES;
				ENABLE_TESTABILITY = YES;
				GCC_C_LANGUAGE_STANDARD = gnu99;
				GCC_DYNAMIC_NO_PIC = NO;
				GCC_NO_COMMON_BLOCKS = YES;
				GCC_OPTIMIZATION_LEVEL = 0;
				GCC_PREPROCESSOR_DEFINITIONS = (
					"DEBUG=1",
					"$(inherited)",
				);
				GCC_WARN_64_TO_32_BIT_CONVERSION = YES;
				GCC_WARN_ABOUT_RETURN_TYPE = YES_ERROR;
				GCC_WARN_UNDECLARED_SELECTOR = YES;
				GCC_WARN_UNINITIALIZED_AUTOS = YES_AGGRESSIVE;
				GCC_WARN_UNUSED_FUNCTION = YES;
				GCC_WARN_UNUSED_VARIABLE = YES;
				IPHONEOS_DEPLOYMENT_TARGET = 10.2;
				MTL_ENABLE_DEBUG_INFO = YES;
				ONLY_ACTIVE_ARCH = YES;
				SDKROOT = iphoneos;
				SWIFT_ACTIVE_COMPILATION_CONDITIONS = DEBUG;
				SWIFT_OPTIMIZATION_LEVEL = "-Onone";
			};
			name = Debug;
		};
		DE47D9CA1E84C472007EC68E /* Release */ = {
			isa = XCBuildConfiguration;
			buildSettings = {
				ALWAYS_SEARCH_USER_PATHS = NO;
				CLANG_ANALYZER_NONNULL = YES;
				CLANG_CXX_LANGUAGE_STANDARD = "gnu++0x";
				CLANG_CXX_LIBRARY = "libc++";
				CLANG_ENABLE_MODULES = YES;
				CLANG_ENABLE_OBJC_ARC = YES;
				CLANG_WARN_BOOL_CONVERSION = YES;
				CLANG_WARN_CONSTANT_CONVERSION = YES;
				CLANG_WARN_DIRECT_OBJC_ISA_USAGE = YES_ERROR;
				CLANG_WARN_DOCUMENTATION_COMMENTS = YES;
				CLANG_WARN_EMPTY_BODY = YES;
				CLANG_WARN_ENUM_CONVERSION = YES;
				CLANG_WARN_INFINITE_RECURSION = YES;
				CLANG_WARN_INT_CONVERSION = YES;
				CLANG_WARN_OBJC_ROOT_CLASS = YES_ERROR;
				CLANG_WARN_SUSPICIOUS_MOVE = YES;
				CLANG_WARN_UNREACHABLE_CODE = YES;
				CLANG_WARN__DUPLICATE_METHOD_MATCH = YES;
				"CODE_SIGN_IDENTITY[sdk=iphoneos*]" = "iPhone Developer";
				COPY_PHASE_STRIP = NO;
				DEBUG_INFORMATION_FORMAT = "dwarf-with-dsym";
				ENABLE_NS_ASSERTIONS = NO;
				ENABLE_STRICT_OBJC_MSGSEND = YES;
				GCC_C_LANGUAGE_STANDARD = gnu99;
				GCC_NO_COMMON_BLOCKS = YES;
				GCC_WARN_64_TO_32_BIT_CONVERSION = YES;
				GCC_WARN_ABOUT_RETURN_TYPE = YES_ERROR;
				GCC_WARN_UNDECLARED_SELECTOR = YES;
				GCC_WARN_UNINITIALIZED_AUTOS = YES_AGGRESSIVE;
				GCC_WARN_UNUSED_FUNCTION = YES;
				GCC_WARN_UNUSED_VARIABLE = YES;
				IPHONEOS_DEPLOYMENT_TARGET = 10.2;
				MTL_ENABLE_DEBUG_INFO = NO;
				SDKROOT = iphoneos;
				SWIFT_OPTIMIZATION_LEVEL = "-Owholemodule";
				VALIDATE_PRODUCT = YES;
			};
			name = Release;
		};
		DE47D9CC1E84C472007EC68E /* Debug */ = {
			isa = XCBuildConfiguration;
			buildSettings = {
				ASSETCATALOG_COMPILER_APPICON_NAME = AppIcon;
				DEVELOPMENT_TEAM = 42ESUZ8BZJ;
				INFOPLIST_FILE = whatIsMyNumber/Info.plist;
				LD_RUNPATH_SEARCH_PATHS = "$(inherited) @executable_path/Frameworks";
				PRODUCT_BUNDLE_IDENTIFIER = com.DumbUnicorn.whatIsMyNumber;
				PRODUCT_NAME = "$(TARGET_NAME)";
				SWIFT_VERSION = 3.0;
			};
			name = Debug;
		};
		DE47D9CD1E84C472007EC68E /* Release */ = {
			isa = XCBuildConfiguration;
			buildSettings = {
				ASSETCATALOG_COMPILER_APPICON_NAME = AppIcon;
				DEVELOPMENT_TEAM = 42ESUZ8BZJ;
				INFOPLIST_FILE = whatIsMyNumber/Info.plist;
				LD_RUNPATH_SEARCH_PATHS = "$(inherited) @executable_path/Frameworks";
				PRODUCT_BUNDLE_IDENTIFIER = com.DumbUnicorn.whatIsMyNumber;
				PRODUCT_NAME = "$(TARGET_NAME)";
				SWIFT_VERSION = 3.0;
			};
			name = Release;
		};
/* End XCBuildConfiguration section */

/* Begin XCConfigurationList section */
		DE47D9B41E84C472007EC68E /* Build configuration list for PBXProject "whatIsMyNumber" */ = {
			isa = XCConfigurationList;
			buildConfigurations = (
				DE47D9C91E84C472007EC68E /* Debug */,
				DE47D9CA1E84C472007EC68E /* Release */,
			);
			defaultConfigurationIsVisible = 0;
			defaultConfigurationName = Release;
		};
		DE47D9CB1E84C472007EC68E /* Build configuration list for PBXNativeTarget "whatIsMyNumber" */ = {
			isa = XCConfigurationList;
			buildConfigurations = (
				DE47D9CC1E84C472007EC68E /* Debug */,
				DE47D9CD1E84C472007EC68E /* Release */,
			);
			defaultConfigurationIsVisible = 0;
		};
/* End XCConfigurationList section */
	};
	rootObject = DE47D9B11E84C472007EC68E /* Project object */;
}
